
Microsoft Visual Studio Solution File, Format Version 12.00
# Visual Studio Version 16
VisualStudioVersion = 16.0.30011.22
MinimumVisualStudioVersion = 10.0.40219.1
Project("{FAE04EC0-301F-11D3-BF4B-00C04F79EFBC}") = "consulta 5 y 6", "consulta 5 y 6.csproj", "{3036178B-5501-40BF-93E6-76A8F753E40E}"
EndProject
Global
	GlobalSection(SolutionConfigurationPlatforms) = preSolution
		Debug|Any CPU = Debug|Any CPU
		Release|Any CPU = Release|Any CPU
	EndGlobalSection
	GlobalSection(ProjectConfigurationPlatforms) = postSolution
		{3036178B-5501-40BF-93E6-76A8F753E40E}.Debug|Any CPU.ActiveCfg = Debug|Any CPU
		{3036178B-5501-40BF-93E6-76A8F753E40E}.Debug|Any CPU.Build.0 = Debug|Any CPU
		{3036178B-5501-40BF-93E6-76A8F753E40E}.Release|Any CPU.ActiveCfg = Release|Any CPU
		{3036178B-5501-40BF-93E6-76A8F753E40E}.Release|Any CPU.Build.0 = Release|Any CPU
	EndGlobalSection
	GlobalSection(SolutionProperties) = preSolution
		HideSolutionNode = FALSE
	EndGlobalSection
	GlobalSection(ExtensibilityGlobals) = postSolution
		SolutionGuid = {3BF71E21-C436-4F38-9EF3-24D0E6D311D7}
	EndGlobalSection
EndGlobal
